
Microsoft Visual Studio Solution File, Format Version 12.00
# Visual Studio Version 17
VisualStudioVersion = 17.0.32126.317
MinimumVisualStudioVersion = 10.0.40219.1
Project("{FAE04EC0-301F-11D3-BF4B-00C04F79EFBC}") = "EcsGateway", "EcsGateway.csproj", "{7042AB8E-A4EE-4A7A-BFF6-8041B53A307D}"
EndProject
Project("{FAE04EC0-301F-11D3-BF4B-00C04F79EFBC}") = "EcsGatewat.Test", "..\EcsGatewat.Test\EcsGatewat.Test.csproj", "{FACB2624-069D-4E1E-B04D-2C2E0E367854}"
EndProject
Global
	GlobalSection(SolutionConfigurationPlatforms) = preSolution
		Debug|Any CPU = Debug|Any CPU
		Release|Any CPU = Release|Any CPU
	EndGlobalSection
	GlobalSection(ProjectConfigurationPlatforms) = postSolution
		{7042AB8E-A4EE-4A7A-BFF6-8041B53A307D}.Debug|Any CPU.ActiveCfg = Debug|Any CPU
		{7042AB8E-A4EE-4A7A-BFF6-8041B53A307D}.Debug|Any CPU.Build.0 = Debug|Any CPU
		{7042AB8E-A4EE-4A7A-BFF6-8041B53A307D}.Release|Any CPU.ActiveCfg = Release|Any CPU
		{7042AB8E-A4EE-4A7A-BFF6-8041B53A307D}.Release|Any CPU.Build.0 = Release|Any CPU
		{FACB2624-069D-4E1E-B04D-2C2E0E367854}.Debug|Any CPU.ActiveCfg = Debug|Any CPU
		{FACB2624-069D-4E1E-B04D-2C2E0E367854}.Debug|Any CPU.Build.0 = Debug|Any CPU
		{FACB2624-069D-4E1E-B04D-2C2E0E367854}.Release|Any CPU.ActiveCfg = Release|Any CPU
		{FACB2624-069D-4E1E-B04D-2C2E0E367854}.Release|Any CPU.Build.0 = Release|Any CPU
	EndGlobalSection
	GlobalSection(SolutionProperties) = preSolution
		HideSolutionNode = FALSE
	EndGlobalSection
	GlobalSection(ExtensibilityGlobals) = postSolution
		SolutionGuid = {63A08968-11B5-4B4E-BCBF-EA298E3446A8}
	EndGlobalSection
EndGlobal
